// !$*UTF8*$!
{
	archiveVersion = 1;
	classes = {
	};
	objectVersion = 50;
	objects = {

/* Begin PBXBuildFile section */
		C043232E2486D61E00F3312A /* AppDelegate.swift in Sources */ = {isa = PBXBuildFile; fileRef = C043232D2486D61E00F3312A /* AppDelegate.swift */; };
		C04323302486D61E00F3312A /* SceneDelegate.swift in Sources */ = {isa = PBXBuildFile; fileRef = C043232F2486D61E00F3312A /* SceneDelegate.swift */; };
		C04323322486D61F00F3312A /* ViewController.swift in Sources */ = {isa = PBXBuildFile; fileRef = C04323312486D61F00F3312A /* ViewController.swift */; };
		C04323352486D61F00F3312A /* Main.storyboard in Resources */ = {isa = PBXBuildFile; fileRef = C04323332486D61F00F3312A /* Main.storyboard */; };
		C04323372486D62200F3312A /* Assets.xcassets in Resources */ = {isa = PBXBuildFile; fileRef = C04323362486D62200F3312A /* Assets.xcassets */; };
		C043233A2486D62200F3312A /* LaunchScreen.storyboard in Resources */ = {isa = PBXBuildFile; fileRef = C04323382486D62200F3312A /* LaunchScreen.storyboard */; };
		C0569A342489848E0032987C /* Constants.swift in Sources */ = {isa = PBXBuildFile; fileRef = C0569A332489848E0032987C /* Constants.swift */; };
		C0569A3A2489864E0032987C /* WeatherManager.swift in Sources */ = {isa = PBXBuildFile; fileRef = C0569A392489864E0032987C /* WeatherManager.swift */; };
/* End PBXBuildFile section */

/* Begin PBXFileReference section */
		C043232A2486D61E00F3312A /* moody-weather.app */ = {isa = PBXFileReference; explicitFileType = wrapper.application; includeInIndex = 0; path = "moody-weather.app"; sourceTree = BUILT_PRODUCTS_DIR; };
		C043232D2486D61E00F3312A /* AppDelegate.swift */ = {isa = PBXFileReference; lastKnownFileType = sourcecode.swift; path = AppDelegate.swift; sourceTree = "<group>"; };
		C043232F2486D61E00F3312A /* SceneDelegate.swift */ = {isa = PBXFileReference; lastKnownFileType = sourcecode.swift; path = SceneDelegate.swift; sourceTree = "<group>"; };
		C04323312486D61F00F3312A /* ViewController.swift */ = {isa = PBXFileReference; lastKnownFileType = sourcecode.swift; path = ViewController.swift; sourceTree = "<group>"; };
		C04323342486D61F00F3312A /* Base */ = {isa = PBXFileReference; lastKnownFileType = file.storyboard; name = Base; path = Base.lproj/Main.storyboard; sourceTree = "<group>"; };
		C04323362486D62200F3312A /* Assets.xcassets */ = {isa = PBXFileReference; lastKnownFileType = folder.assetcatalog; path = Assets.xcassets; sourceTree = "<group>"; };
		C04323392486D62200F3312A /* Base */ = {isa = PBXFileReference; lastKnownFileType = file.storyboard; name = Base; path = Base.lproj/LaunchScreen.storyboard; sourceTree = "<group>"; };
		C043233B2486D62200F3312A /* Info.plist */ = {isa = PBXFileReference; lastKnownFileType = text.plist.xml; path = Info.plist; sourceTree = "<group>"; };
		C0569A332489848E0032987C /* Constants.swift */ = {isa = PBXFileReference; lastKnownFileType = sourcecode.swift; name = Constants.swift; path = ../Constants.swift; sourceTree = "<group>"; };
		C0569A392489864E0032987C /* WeatherManager.swift */ = {isa = PBXFileReference; lastKnownFileType = sourcecode.swift; path = WeatherManager.swift; sourceTree = "<group>"; };
/* End PBXFileReference section */

/* Begin PBXFrameworksBuildPhase section */
		C04323272486D61E00F3312A /* Frameworks */ = {
			isa = PBXFrameworksBuildPhase;
			buildActionMask = 2147483647;
			files = (
			);
			runOnlyForDeploymentPostprocessing = 0;
		};
/* End PBXFrameworksBuildPhase section */

/* Begin PBXGroup section */
		C04323212486D61E00F3312A = {
			isa = PBXGroup;
			children = (
				C043232C2486D61E00F3312A /* moody-weather */,
				C043232B2486D61E00F3312A /* Products */,
			);
			sourceTree = "<group>";
		};
		C043232B2486D61E00F3312A /* Products */ = {
			isa = PBXGroup;
			children = (
				C043232A2486D61E00F3312A /* moody-weather.app */,
			);
			name = Products;
			sourceTree = "<group>";
		};
		C043232C2486D61E00F3312A /* moody-weather */ = {
			isa = PBXGroup;
			children = (
				C0569A37248985F80032987C /* Controller */,
				C0569A36248985F30032987C /* View */,
				C0569A35248985EA0032987C /* Model */,
				C043232F2486D61E00F3312A /* SceneDelegate.swift */,
				C043232D2486D61E00F3312A /* AppDelegate.swift */,
				C043233B2486D62200F3312A /* Info.plist */,
				C0569A38248986170032987C /* Utilities */,
			);
			path = "moody-weather";
			sourceTree = "<group>";
		};
		C0569A35248985EA0032987C /* Model */ = {
			isa = PBXGroup;
			children = (
				C0569A332489848E0032987C /* Constants.swift */,
				C0569A392489864E0032987C /* WeatherManager.swift */,
			);
			path = Model;
			sourceTree = "<group>";
		};
		C0569A36248985F30032987C /* View */ = {
			isa = PBXGroup;
			children = (
				C04323382486D62200F3312A /* LaunchScreen.storyboard */,
				C04323332486D61F00F3312A /* Main.storyboard */,
			);
			path = View;
			sourceTree = "<group>";
		};
		C0569A37248985F80032987C /* Controller */ = {
			isa = PBXGroup;
			children = (
				C04323312486D61F00F3312A /* ViewController.swift */,
			);
			path = Controller;
			sourceTree = "<group>";
		};
		C0569A38248986170032987C /* Utilities */ = {
			isa = PBXGroup;
			children = (
				C04323362486D62200F3312A /* Assets.xcassets */,
			);
			path = Utilities;
			sourceTree = "<group>";
		};
/* End PBXGroup section */

/* Begin PBXNativeTarget section */
		C04323292486D61E00F3312A /* moody-weather */ = {
			isa = PBXNativeTarget;
			buildConfigurationList = C043233E2486D62200F3312A /* Build configuration list for PBXNativeTarget "moody-weather" */;
			buildPhases = (
				C04323262486D61E00F3312A /* Sources */,
				C04323272486D61E00F3312A /* Frameworks */,
				C04323282486D61E00F3312A /* Resources */,
			);
			buildRules = (
			);
			dependencies = (
			);
			name = "moody-weather";
			productName = "moody-weather";
			productReference = C043232A2486D61E00F3312A /* moody-weather.app */;
			productType = "com.apple.product-type.application";
		};
/* End PBXNativeTarget section */

/* Begin PBXProject section */
		C04323222486D61E00F3312A /* Project object */ = {
			isa = PBXProject;
			attributes = {
				LastSwiftUpdateCheck = 1130;
				LastUpgradeCheck = 1130;
				ORGANIZATIONNAME = "Jessica Trinh";
				TargetAttributes = {
					C04323292486D61E00F3312A = {
						CreatedOnToolsVersion = 11.3.1;
					};
				};
			};
			buildConfigurationList = C04323252486D61E00F3312A /* Build configuration list for PBXProject "moody-weather" */;
			compatibilityVersion = "Xcode 9.3";
			developmentRegion = en;
			hasScannedForEncodings = 0;
			knownRegions = (
				en,
				Base,
			);
			mainGroup = C04323212486D61E00F3312A;
			productRefGroup = C043232B2486D61E00F3312A /* Products */;
			projectDirPath = "";
			projectRoot = "";
			targets = (
				C04323292486D61E00F3312A /* moody-weather */,
			);
		};
/* End PBXProject section */

/* Begin PBXResourcesBuildPhase section */
		C04323282486D61E00F3312A /* Resources */ = {
			isa = PBXResourcesBuildPhase;
			buildActionMask = 2147483647;
			files = (
				C043233A2486D62200F3312A /* LaunchScreen.storyboard in Resources */,
				C04323372486D62200F3312A /* Assets.xcassets in Resources */,
				C04323352486D61F00F3312A /* Main.storyboard in Resources */,
			);
			runOnlyForDeploymentPostprocessing = 0;
		};
/* End PBXResourcesBuildPhase section */

/* Begin PBXSourcesBuildPhase section */
		C04323262486D61E00F3312A /* Sources */ = {
			isa = PBXSourcesBuildPhase;
			buildActionMask = 2147483647;
			files = (
				C04323322486D61F00F3312A /* ViewController.swift in Sources */,
				C043232E2486D61E00F3312A /* AppDelegate.swift in Sources */,
				C0569A3A2489864E0032987C /* WeatherManager.swift in Sources */,
				C04323302486D61E00F3312A /* SceneDelegate.swift in Sources */,
				C0569A342489848E0032987C /* Constants.swift in Sources */,
			);
			runOnlyForDeploymentPostprocessing = 0;
		};
/* End PBXSourcesBuildPhase section */

/* Begin PBXVariantGroup section */
		C04323332486D61F00F3312A /* Main.storyboard */ = {
			isa = PBXVariantGroup;
			children = (
				C04323342486D61F00F3312A /* Base */,
			);
			name = Main.storyboard;
			sourceTree = "<group>";
		};
		C04323382486D62200F3312A /* LaunchScreen.storyboard */ = {
			isa = PBXVariantGroup;
			children = (
				C04323392486D62200F3312A /* Base */,
			);
			name = LaunchScreen.storyboard;
			sourceTree = "<group>";
		};
/* End PBXVariantGroup section */

/* Begin XCBuildConfiguration section */
		C043233C2486D62200F3312A /* Debug */ = {
			isa = XCBuildConfiguration;
			buildSettings = {
				ALWAYS_SEARCH_USER_PATHS = NO;
				CLANG_ANALYZER_NONNULL = YES;
				CLANG_ANALYZER_NUMBER_OBJECT_CONVERSION = YES_AGGRESSIVE;
				CLANG_CXX_LANGUAGE_STANDARD = "gnu++14";
				CLANG_CXX_LIBRARY = "libc++";
				CLANG_ENABLE_MODULES = YES;
				CLANG_ENABLE_OBJC_ARC = YES;
				CLANG_ENABLE_OBJC_WEAK = YES;
				CLANG_WARN_BLOCK_CAPTURE_AUTORELEASING = YES;
				CLANG_WARN_BOOL_CONVERSION = YES;
				CLANG_WARN_COMMA = YES;
				CLANG_WARN_CONSTANT_CONVERSION = YES;
				CLANG_WARN_DEPRECATED_OBJC_IMPLEMENTATIONS = YES;
				CLANG_WARN_DIRECT_OBJC_ISA_USAGE = YES_ERROR;
				CLANG_WARN_DOCUMENTATION_COMMENTS = YES;
				CLANG_WARN_EMPTY_BODY = YES;
				CLANG_WARN_ENUM_CONVERSION = YES;
				CLANG_WARN_INFINITE_RECURSION = YES;
				CLANG_WARN_INT_CONVERSION = YES;
				CLANG_WARN_NON_LITERAL_NULL_CONVERSION = YES;
				CLANG_WARN_OBJC_IMPLICIT_RETAIN_SELF = YES;
				CLANG_WARN_OBJC_LITERAL_CONVERSION = YES;
				CLANG_WARN_OBJC_ROOT_CLASS = YES_ERROR;
				CLANG_WARN_RANGE_LOOP_ANALYSIS = YES;
				CLANG_WARN_STRICT_PROTOTYPES = YES;
				CLANG_WARN_SUSPICIOUS_MOVE = YES;
				CLANG_WARN_UNGUARDED_AVAILABILITY = YES_AGGRESSIVE;
				CLANG_WARN_UNREACHABLE_CODE = YES;
				CLANG_WARN__DUPLICATE_METHOD_MATCH = YES;
				COPY_PHASE_STRIP = NO;
				DEBUG_INFORMATION_FORMAT = dwarf;
				ENABLE_STRICT_OBJC_MSGSEND = YES;
				ENABLE_TESTABILITY = YES;
				GCC_C_LANGUAGE_STANDARD = gnu11;
				GCC_DYNAMIC_NO_PIC = NO;
				GCC_NO_COMMON_BLOCKS = YES;
				GCC_OPTIMIZATION_LEVEL = 0;
				GCC_PREPROCESSOR_DEFINITIONS = (
					"DEBUG=1",
					"$(inherited)",
				);
				GCC_WARN_64_TO_32_BIT_CONVERSION = YES;
				GCC_WARN_ABOUT_RETURN_TYPE = YES_ERROR;
				GCC_WARN_UNDECLARED_SELECTOR = YES;
				GCC_WARN_UNINITIALIZED_AUTOS = YES_AGGRESSIVE;
				GCC_WARN_UNUSED_FUNCTION = YES;
				GCC_WARN_UNUSED_VARIABLE = YES;
				IPHONEOS_DEPLOYMENT_TARGET = 13.2;
				MTL_ENABLE_DEBUG_INFO = INCLUDE_SOURCE;
				MTL_FAST_MATH = YES;
				ONLY_ACTIVE_ARCH = YES;
				SDKROOT = iphoneos;
				SWIFT_ACTIVE_COMPILATION_CONDITIONS = DEBUG;
				SWIFT_OPTIMIZATION_LEVEL = "-Onone";
			};
			name = Debug;
		};
		C043233D2486D62200F3312A /* Release */ = {
			isa = XCBuildConfiguration;
			buildSettings = {
				ALWAYS_SEARCH_USER_PATHS = NO;
				CLANG_ANALYZER_NONNULL = YES;
				CLANG_ANALYZER_NUMBER_OBJECT_CONVERSION = YES_AGGRESSIVE;
				CLANG_CXX_LANGUAGE_STANDARD = "gnu++14";
				CLANG_CXX_LIBRARY = "libc++";
				CLANG_ENABLE_MODULES = YES;
				CLANG_ENABLE_OBJC_ARC = YES;
				CLANG_ENABLE_OBJC_WEAK = YES;
				CLANG_WARN_BLOCK_CAPTURE_AUTORELEASING = YES;
				CLANG_WARN_BOOL_CONVERSION = YES;
				CLANG_WARN_COMMA = YES;
				CLANG_WARN_CONSTANT_CONVERSION = YES;
				CLANG_WARN_DEPRECATED_OBJC_IMPLEMENTATIONS = YES;
				CLANG_WARN_DIRECT_OBJC_ISA_USAGE = YES_ERROR;
				CLANG_WARN_DOCUMENTATION_COMMENTS = YES;
				CLANG_WARN_EMPTY_BODY = YES;
				CLANG_WARN_ENUM_CONVERSION = YES;
				CLANG_WARN_INFINITE_RECURSION = YES;
				CLANG_WARN_INT_CONVERSION = YES;
				CLANG_WARN_NON_LITERAL_NULL_CONVERSION = YES;
				CLANG_WARN_OBJC_IMPLICIT_RETAIN_SELF = YES;
				CLANG_WARN_OBJC_LITERAL_CONVERSION = YES;
				CLANG_WARN_OBJC_ROOT_CLASS = YES_ERROR;
				CLANG_WARN_RANGE_LOOP_ANALYSIS = YES;
				CLANG_WARN_STRICT_PROTOTYPES = YES;
				CLANG_WARN_SUSPICIOUS_MOVE = YES;
				CLANG_WARN_UNGUARDED_AVAILABILITY = YES_AGGRESSIVE;
				CLANG_WARN_UNREACHABLE_CODE = YES;
				CLANG_WARN__DUPLICATE_METHOD_MATCH = YES;
				COPY_PHASE_STRIP = NO;
				DEBUG_INFORMATION_FORMAT = "dwarf-with-dsym";
				ENABLE_NS_ASSERTIONS = NO;
				ENABLE_STRICT_OBJC_MSGSEND = YES;
				GCC_C_LANGUAGE_STANDARD = gnu11;
				GCC_NO_COMMON_BLOCKS = YES;
				GCC_WARN_64_TO_32_BIT_CONVERSION = YES;
				GCC_WARN_ABOUT_RETURN_TYPE = YES_ERROR;
				GCC_WARN_UNDECLARED_SELECTOR = YES;
				GCC_WARN_UNINITIALIZED_AUTOS = YES_AGGRESSIVE;
				GCC_WARN_UNUSED_FUNCTION = YES;
				GCC_WARN_UNUSED_VARIABLE = YES;
				IPHONEOS_DEPLOYMENT_TARGET = 13.2;
				MTL_ENABLE_DEBUG_INFO = NO;
				MTL_FAST_MATH = YES;
				SDKROOT = iphoneos;
				SWIFT_COMPILATION_MODE = wholemodule;
				SWIFT_OPTIMIZATION_LEVEL = "-O";
				VALIDATE_PRODUCT = YES;
			};
			name = Release;
		};
		C043233F2486D62200F3312A /* Debug */ = {
			isa = XCBuildConfiguration;
			buildSettings = {
				ASSETCATALOG_COMPILER_APPICON_NAME = AppIcon;
				CODE_SIGN_STYLE = Automatic;
				DEVELOPMENT_TEAM = 95TXKAQ9ZU;
				INFOPLIST_FILE = "moody-weather/Info.plist";
				LD_RUNPATH_SEARCH_PATHS = (
					"$(inherited)",
					"@executable_path/Frameworks",
				);
				PRODUCT_BUNDLE_IDENTIFIER = "com.jessica-trinh.moody-weather";
				PRODUCT_NAME = "$(TARGET_NAME)";
				SWIFT_VERSION = 5.0;
				TARGETED_DEVICE_FAMILY = "1,2";
			};
			name = Debug;
		};
		C04323402486D62200F3312A /* Release */ = {
			isa = XCBuildConfiguration;
			buildSettings = {
				ASSETCATALOG_COMPILER_APPICON_NAME = AppIcon;
				CODE_SIGN_STYLE = Automatic;
				DEVELOPMENT_TEAM = 95TXKAQ9ZU;
				INFOPLIST_FILE = "moody-weather/Info.plist";
				LD_RUNPATH_SEARCH_PATHS = (
					"$(inherited)",
					"@executable_path/Frameworks",
				);
				PRODUCT_BUNDLE_IDENTIFIER = "com.jessica-trinh.moody-weather";
				PRODUCT_NAME = "$(TARGET_NAME)";
				SWIFT_VERSION = 5.0;
				TARGETED_DEVICE_FAMILY = "1,2";
			};
			name = Release;
		};
/* End XCBuildConfiguration section */

/* Begin XCConfigurationList section */
		C04323252486D61E00F3312A /* Build configuration list for PBXProject "moody-weather" */ = {
			isa = XCConfigurationList;
			buildConfigurations = (
				C043233C2486D62200F3312A /* Debug */,
				C043233D2486D62200F3312A /* Release */,
			);
			defaultConfigurationIsVisible = 0;
			defaultConfigurationName = Release;
		};
		C043233E2486D62200F3312A /* Build configuration list for PBXNativeTarget "moody-weather" */ = {
			isa = XCConfigurationList;
			buildConfigurations = (
				C043233F2486D62200F3312A /* Debug */,
				C04323402486D62200F3312A /* Release */,
			);
			defaultConfigurationIsVisible = 0;
			defaultConfigurationName = Release;
		};
/* End XCConfigurationList section */
	};
	rootObject = C04323222486D61E00F3312A /* Project object */;
}
